github.com/google/uuid v1.6.0 h1:NIvaJDMOsjHA8n1jAhLSgzrAzy1Hgr+hNrb57e+94F0=
github.com/google/uuid v1.6.0/go.mod h1:TIyPZe4MgqvfeYDBFedMoGGpEw/LqOeaOT+nhxU+yHo=
github.com/sasirekha-dev/todostore v0.0.0-20250513085252-a6e06b7a04d1 h1:A7roQITYvw0DHu/3IUSYNljixZpqH8KYfpzY+FJZ7Bw=
github.com/sasirekha-dev/todostore v0.0.0-20250513085252-a6e06b7a04d1/go.mod h1:+9E5YLSVfl5a6m1h5RwtyMA6hLcRtCYxiAmcjr0rpt8=
